// !$*UTF8*$!
{
	archiveVersion = 1;
	classes = {
	};
	objectVersion = 52;
	objects = {

/* Begin PBXBuildFile section */
		3EA6A6F224BE17530005C6A1 /* AppDelegate.swift in Sources */ = {isa = PBXBuildFile; fileRef = 3EA6A6F124BE17530005C6A1 /* AppDelegate.swift */; };
		3EA6A6F424BE17530005C6A1 /* SceneDelegate.swift in Sources */ = {isa = PBXBuildFile; fileRef = 3EA6A6F324BE17530005C6A1 /* SceneDelegate.swift */; };
		3EA6A6F724BE17530005C6A1 /* Book_Lover.xcdatamodeld in Sources */ = {isa = PBXBuildFile; fileRef = 3EA6A6F524BE17530005C6A1 /* Book_Lover.xcdatamodeld */; };
		3EA6A6F924BE17530005C6A1 /* ContentView.swift in Sources */ = {isa = PBXBuildFile; fileRef = 3EA6A6F824BE17530005C6A1 /* ContentView.swift */; };
		3EA6A6FB24BE17530005C6A1 /* Assets.xcassets in Resources */ = {isa = PBXBuildFile; fileRef = 3EA6A6FA24BE17530005C6A1 /* Assets.xcassets */; };
		3EA6A6FE24BE17530005C6A1 /* Preview Assets.xcassets in Resources */ = {isa = PBXBuildFile; fileRef = 3EA6A6FD24BE17530005C6A1 /* Preview Assets.xcassets */; };
		3EA6A70124BE17530005C6A1 /* LaunchScreen.storyboard in Resources */ = {isa = PBXBuildFile; fileRef = 3EA6A6FF24BE17530005C6A1 /* LaunchScreen.storyboard */; };
		3EA6A70A24BE17D10005C6A1 /* APIService.swift in Sources */ = {isa = PBXBuildFile; fileRef = 3EA6A70924BE17D10005C6A1 /* APIService.swift */; };
		3EA6A70D24BE1A440005C6A1 /* BookAPI.swift in Sources */ = {isa = PBXBuildFile; fileRef = 3EA6A70C24BE1A440005C6A1 /* BookAPI.swift */; };
		3EA6A71024BE1EF20005C6A1 /* SearchBookView.swift in Sources */ = {isa = PBXBuildFile; fileRef = 3EA6A70F24BE1EF20005C6A1 /* SearchBookView.swift */; };
		3EA6A71224BE39CC0005C6A1 /* SearchBar.swift in Sources */ = {isa = PBXBuildFile; fileRef = 3EA6A71124BE39CC0005C6A1 /* SearchBar.swift */; };
		3EA6A71524BE3A810005C6A1 /* SDWebImageSwiftUI in Frameworks */ = {isa = PBXBuildFile; productRef = 3EA6A71424BE3A810005C6A1 /* SDWebImageSwiftUI */; };
		3EA6A71724BE4D0D0005C6A1 /* BookAPIDetailView.swift in Sources */ = {isa = PBXBuildFile; fileRef = 3EA6A71624BE4D0D0005C6A1 /* BookAPIDetailView.swift */; };
		3EA6A71A24BE56710005C6A1 /* LoadingView.swift in Sources */ = {isa = PBXBuildFile; fileRef = 3EA6A71924BE56710005C6A1 /* LoadingView.swift */; };
		3EA6A72024BE8B780005C6A1 /* BookCard.swift in Sources */ = {isa = PBXBuildFile; fileRef = 3EA6A71F24BE8B780005C6A1 /* BookCard.swift */; };
		3EA6A72224BE8CF70005C6A1 /* ProgressRing.swift in Sources */ = {isa = PBXBuildFile; fileRef = 3EA6A72124BE8CF70005C6A1 /* ProgressRing.swift */; };
		3EA6A72424BEA7D70005C6A1 /* BookCardDetail.swift in Sources */ = {isa = PBXBuildFile; fileRef = 3EA6A72324BEA7D70005C6A1 /* BookCardDetail.swift */; };
		3EA6A72624BEAC640005C6A1 /* Book.swift in Sources */ = {isa = PBXBuildFile; fileRef = 3EA6A72524BEAC640005C6A1 /* Book.swift */; };
		3EA6A72924BEB0DE0005C6A1 /* Date+Extension.swift in Sources */ = {isa = PBXBuildFile; fileRef = 3EA6A72824BEB0DE0005C6A1 /* Date+Extension.swift */; };
		3EA6A72B24BEB19D0005C6A1 /* ProgressUpdateView.swift in Sources */ = {isa = PBXBuildFile; fileRef = 3EA6A72A24BEB19D0005C6A1 /* ProgressUpdateView.swift */; };
		3EA6A72D24BEB3F10005C6A1 /* AddProgressUpdate.swift in Sources */ = {isa = PBXBuildFile; fileRef = 3EA6A72C24BEB3F10005C6A1 /* AddProgressUpdate.swift */; };
		3EA6A73024BEC6720005C6A1 /* BookViewModel.swift in Sources */ = {isa = PBXBuildFile; fileRef = 3EA6A72F24BEC6720005C6A1 /* BookViewModel.swift */; };
		3EA6A73224BECCDA0005C6A1 /* DetailProgressUpdate.swift in Sources */ = {isa = PBXBuildFile; fileRef = 3EA6A73124BECCDA0005C6A1 /* DetailProgressUpdate.swift */; };
/* End PBXBuildFile section */

/* Begin PBXFileReference section */
		3EA6A6EE24BE17530005C6A1 /* Book Lover.app */ = {isa = PBXFileReference; explicitFileType = wrapper.application; includeInIndex = 0; path = "Book Lover.app"; sourceTree = BUILT_PRODUCTS_DIR; };
		3EA6A6F124BE17530005C6A1 /* AppDelegate.swift */ = {isa = PBXFileReference; lastKnownFileType = sourcecode.swift; path = AppDelegate.swift; sourceTree = "<group>"; };
		3EA6A6F324BE17530005C6A1 /* SceneDelegate.swift */ = {isa = PBXFileReference; lastKnownFileType = sourcecode.swift; path = SceneDelegate.swift; sourceTree = "<group>"; };
		3EA6A6F624BE17530005C6A1 /* Book_Lover.xcdatamodel */ = {isa = PBXFileReference; lastKnownFileType = wrapper.xcdatamodel; path = Book_Lover.xcdatamodel; sourceTree = "<group>"; };
		3EA6A6F824BE17530005C6A1 /* ContentView.swift */ = {isa = PBXFileReference; lastKnownFileType = sourcecode.swift; path = ContentView.swift; sourceTree = "<group>"; };
		3EA6A6FA24BE17530005C6A1 /* Assets.xcassets */ = {isa = PBXFileReference; lastKnownFileType = folder.assetcatalog; path = Assets.xcassets; sourceTree = "<group>"; };
		3EA6A6FD24BE17530005C6A1 /* Preview Assets.xcassets */ = {isa = PBXFileReference; lastKnownFileType = folder.assetcatalog; path = "Preview Assets.xcassets"; sourceTree = "<group>"; };
		3EA6A70024BE17530005C6A1 /* Base */ = {isa = PBXFileReference; lastKnownFileType = file.storyboard; name = Base; path = Base.lproj/LaunchScreen.storyboard; sourceTree = "<group>"; };
		3EA6A70224BE17530005C6A1 /* Info.plist */ = {isa = PBXFileReference; lastKnownFileType = text.plist.xml; path = Info.plist; sourceTree = "<group>"; };
		3EA6A70924BE17D10005C6A1 /* APIService.swift */ = {isa = PBXFileReference; lastKnownFileType = sourcecode.swift; path = APIService.swift; sourceTree = "<group>"; };
		3EA6A70C24BE1A440005C6A1 /* BookAPI.swift */ = {isa = PBXFileReference; lastKnownFileType = sourcecode.swift; path = BookAPI.swift; sourceTree = "<group>"; };
		3EA6A70F24BE1EF20005C6A1 /* SearchBookView.swift */ = {isa = PBXFileReference; lastKnownFileType = sourcecode.swift; path = SearchBookView.swift; sourceTree = "<group>"; };
		3EA6A71124BE39CC0005C6A1 /* SearchBar.swift */ = {isa = PBXFileReference; lastKnownFileType = sourcecode.swift; path = SearchBar.swift; sourceTree = "<group>"; };
		3EA6A71624BE4D0D0005C6A1 /* BookAPIDetailView.swift */ = {isa = PBXFileReference; lastKnownFileType = sourcecode.swift; path = BookAPIDetailView.swift; sourceTree = "<group>"; };
		3EA6A71924BE56710005C6A1 /* LoadingView.swift */ = {isa = PBXFileReference; lastKnownFileType = sourcecode.swift; path = LoadingView.swift; sourceTree = "<group>"; };
		3EA6A71F24BE8B780005C6A1 /* BookCard.swift */ = {isa = PBXFileReference; lastKnownFileType = sourcecode.swift; path = BookCard.swift; sourceTree = "<group>"; };
		3EA6A72124BE8CF70005C6A1 /* ProgressRing.swift */ = {isa = PBXFileReference; lastKnownFileType = sourcecode.swift; path = ProgressRing.swift; sourceTree = "<group>"; };
		3EA6A72324BEA7D70005C6A1 /* BookCardDetail.swift */ = {isa = PBXFileReference; lastKnownFileType = sourcecode.swift; path = BookCardDetail.swift; sourceTree = "<group>"; };
		3EA6A72524BEAC640005C6A1 /* Book.swift */ = {isa = PBXFileReference; lastKnownFileType = sourcecode.swift; path = Book.swift; sourceTree = "<group>"; };
		3EA6A72824BEB0DE0005C6A1 /* Date+Extension.swift */ = {isa = PBXFileReference; lastKnownFileType = sourcecode.swift; path = "Date+Extension.swift"; sourceTree = "<group>"; };
		3EA6A72A24BEB19D0005C6A1 /* ProgressUpdateView.swift */ = {isa = PBXFileReference; lastKnownFileType = sourcecode.swift; path = ProgressUpdateView.swift; sourceTree = "<group>"; };
		3EA6A72C24BEB3F10005C6A1 /* AddProgressUpdate.swift */ = {isa = PBXFileReference; lastKnownFileType = sourcecode.swift; path = AddProgressUpdate.swift; sourceTree = "<group>"; };
		3EA6A72F24BEC6720005C6A1 /* BookViewModel.swift */ = {isa = PBXFileReference; lastKnownFileType = sourcecode.swift; path = BookViewModel.swift; sourceTree = "<group>"; };
		3EA6A73124BECCDA0005C6A1 /* DetailProgressUpdate.swift */ = {isa = PBXFileReference; lastKnownFileType = sourcecode.swift; path = DetailProgressUpdate.swift; sourceTree = "<group>"; };
/* End PBXFileReference section */

/* Begin PBXFrameworksBuildPhase section */
		3EA6A6EB24BE17530005C6A1 /* Frameworks */ = {
			isa = PBXFrameworksBuildPhase;
			buildActionMask = 2147483647;
			files = (
				3EA6A71524BE3A810005C6A1 /* SDWebImageSwiftUI in Frameworks */,
			);
			runOnlyForDeploymentPostprocessing = 0;
		};
/* End PBXFrameworksBuildPhase section */

/* Begin PBXGroup section */
		3EA6A6E524BE17530005C6A1 = {
			isa = PBXGroup;
			children = (
				3EA6A6F024BE17530005C6A1 /* Book Lover */,
				3EA6A6EF24BE17530005C6A1 /* Products */,
			);
			sourceTree = "<group>";
		};
		3EA6A6EF24BE17530005C6A1 /* Products */ = {
			isa = PBXGroup;
			children = (
				3EA6A6EE24BE17530005C6A1 /* Book Lover.app */,
			);
			name = Products;
			sourceTree = "<group>";
		};
		3EA6A6F024BE17530005C6A1 /* Book Lover */ = {
			isa = PBXGroup;
			children = (
				3EA6A72E24BEC66A0005C6A1 /* ViewModel */,
				3EA6A72724BEB0D10005C6A1 /* Extensions */,
				3EA6A71824BE56680005C6A1 /* Utilities */,
				3EA6A70E24BE1EEA0005C6A1 /* Views */,
				3EA6A70B24BE1A2E0005C6A1 /* Model */,
				3EA6A70824BE17930005C6A1 /* APIService */,
				3EA6A6F124BE17530005C6A1 /* AppDelegate.swift */,
				3EA6A6F324BE17530005C6A1 /* SceneDelegate.swift */,
				3EA6A6F824BE17530005C6A1 /* ContentView.swift */,
				3EA6A6FA24BE17530005C6A1 /* Assets.xcassets */,
				3EA6A6FF24BE17530005C6A1 /* LaunchScreen.storyboard */,
				3EA6A70224BE17530005C6A1 /* Info.plist */,
				3EA6A6F524BE17530005C6A1 /* Book_Lover.xcdatamodeld */,
				3EA6A6FC24BE17530005C6A1 /* Preview Content */,
			);
			path = "Book Lover";
			sourceTree = "<group>";
		};
		3EA6A6FC24BE17530005C6A1 /* Preview Content */ = {
			isa = PBXGroup;
			children = (
				3EA6A6FD24BE17530005C6A1 /* Preview Assets.xcassets */,
			);
			path = "Preview Content";
			sourceTree = "<group>";
		};
		3EA6A70824BE17930005C6A1 /* APIService */ = {
			isa = PBXGroup;
			children = (
				3EA6A70924BE17D10005C6A1 /* APIService.swift */,
			);
			path = APIService;
			sourceTree = "<group>";
		};
		3EA6A70B24BE1A2E0005C6A1 /* Model */ = {
			isa = PBXGroup;
			children = (
				3EA6A70C24BE1A440005C6A1 /* BookAPI.swift */,
				3EA6A72524BEAC640005C6A1 /* Book.swift */,
			);
			path = Model;
			sourceTree = "<group>";
		};
		3EA6A70E24BE1EEA0005C6A1 /* Views */ = {
			isa = PBXGroup;
			children = (
				3EA6A71E24BE8B6C0005C6A1 /* Book Views */,
				3EA6A71B24BE590D0005C6A1 /* Search for Book */,
			);
			path = Views;
			sourceTree = "<group>";
		};
		3EA6A71824BE56680005C6A1 /* Utilities */ = {
			isa = PBXGroup;
			children = (
				3EA6A71924BE56710005C6A1 /* LoadingView.swift */,
				3EA6A72124BE8CF70005C6A1 /* ProgressRing.swift */,
			);
			path = Utilities;
			sourceTree = "<group>";
		};
		3EA6A71B24BE590D0005C6A1 /* Search for Book */ = {
			isa = PBXGroup;
			children = (
				3EA6A70F24BE1EF20005C6A1 /* SearchBookView.swift */,
				3EA6A71124BE39CC0005C6A1 /* SearchBar.swift */,
				3EA6A71624BE4D0D0005C6A1 /* BookAPIDetailView.swift */,
			);
			path = "Search for Book";
			sourceTree = "<group>";
		};
		3EA6A71E24BE8B6C0005C6A1 /* Book Views */ = {
			isa = PBXGroup;
			children = (
				3EA6A71F24BE8B780005C6A1 /* BookCard.swift */,
				3EA6A72324BEA7D70005C6A1 /* BookCardDetail.swift */,
				3EA6A72A24BEB19D0005C6A1 /* ProgressUpdateView.swift */,
				3EA6A72C24BEB3F10005C6A1 /* AddProgressUpdate.swift */,
				3EA6A73124BECCDA0005C6A1 /* DetailProgressUpdate.swift */,
			);
			path = "Book Views";
			sourceTree = "<group>";
		};
		3EA6A72724BEB0D10005C6A1 /* Extensions */ = {
			isa = PBXGroup;
			children = (
				3EA6A72824BEB0DE0005C6A1 /* Date+Extension.swift */,
			);
			path = Extensions;
			sourceTree = "<group>";
		};
		3EA6A72E24BEC66A0005C6A1 /* ViewModel */ = {
			isa = PBXGroup;
			children = (
				3EA6A72F24BEC6720005C6A1 /* BookViewModel.swift */,
			);
			path = ViewModel;
			sourceTree = "<group>";
		};
/* End PBXGroup section */

/* Begin PBXNativeTarget section */
		3EA6A6ED24BE17530005C6A1 /* Book Lover */ = {
			isa = PBXNativeTarget;
			buildConfigurationList = 3EA6A70524BE17530005C6A1 /* Build configuration list for PBXNativeTarget "Book Lover" */;
			buildPhases = (
				3EA6A6EA24BE17530005C6A1 /* Sources */,
				3EA6A6EB24BE17530005C6A1 /* Frameworks */,
				3EA6A6EC24BE17530005C6A1 /* Resources */,
			);
			buildRules = (
			);
			dependencies = (
			);
			name = "Book Lover";
			packageProductDependencies = (
				3EA6A71424BE3A810005C6A1 /* SDWebImageSwiftUI */,
			);
			productName = "Book Lover";
			productReference = 3EA6A6EE24BE17530005C6A1 /* Book Lover.app */;
			productType = "com.apple.product-type.application";
		};
/* End PBXNativeTarget section */

/* Begin PBXProject section */
		3EA6A6E624BE17530005C6A1 /* Project object */ = {
			isa = PBXProject;
			attributes = {
				LastSwiftUpdateCheck = 1200;
				LastUpgradeCheck = 1200;
				TargetAttributes = {
					3EA6A6ED24BE17530005C6A1 = {
						CreatedOnToolsVersion = 12.0;
					};
				};
			};
			buildConfigurationList = 3EA6A6E924BE17530005C6A1 /* Build configuration list for PBXProject "Book Lover" */;
			compatibilityVersion = "Xcode 9.3";
			developmentRegion = en;
			hasScannedForEncodings = 0;
			knownRegions = (
				en,
				Base,
			);
			mainGroup = 3EA6A6E524BE17530005C6A1;
			packageReferences = (
				3EA6A71324BE3A810005C6A1 /* XCRemoteSwiftPackageReference "SDWebImageSwiftUI" */,
			);
			productRefGroup = 3EA6A6EF24BE17530005C6A1 /* Products */;
			projectDirPath = "";
			projectRoot = "";
			targets = (
				3EA6A6ED24BE17530005C6A1 /* Book Lover */,
			);
		};
/* End PBXProject section */

/* Begin PBXResourcesBuildPhase section */
		3EA6A6EC24BE17530005C6A1 /* Resources */ = {
			isa = PBXResourcesBuildPhase;
			buildActionMask = 2147483647;
			files = (
				3EA6A70124BE17530005C6A1 /* LaunchScreen.storyboard in Resources */,
				3EA6A6FE24BE17530005C6A1 /* Preview Assets.xcassets in Resources */,
				3EA6A6FB24BE17530005C6A1 /* Assets.xcassets in Resources */,
			);
			runOnlyForDeploymentPostprocessing = 0;
		};
/* End PBXResourcesBuildPhase section */

/* Begin PBXSourcesBuildPhase section */
		3EA6A6EA24BE17530005C6A1 /* Sources */ = {
			isa = PBXSourcesBuildPhase;
			buildActionMask = 2147483647;
			files = (
				3EA6A6F724BE17530005C6A1 /* Book_Lover.xcdatamodeld in Sources */,
				3EA6A70D24BE1A440005C6A1 /* BookAPI.swift in Sources */,
				3EA6A72624BEAC640005C6A1 /* Book.swift in Sources */,
				3EA6A72224BE8CF70005C6A1 /* ProgressRing.swift in Sources */,
				3EA6A70A24BE17D10005C6A1 /* APIService.swift in Sources */,
				3EA6A73024BEC6720005C6A1 /* BookViewModel.swift in Sources */,
				3EA6A72924BEB0DE0005C6A1 /* Date+Extension.swift in Sources */,
				3EA6A72B24BEB19D0005C6A1 /* ProgressUpdateView.swift in Sources */,
				3EA6A71A24BE56710005C6A1 /* LoadingView.swift in Sources */,
				3EA6A6F224BE17530005C6A1 /* AppDelegate.swift in Sources */,
				3EA6A71024BE1EF20005C6A1 /* SearchBookView.swift in Sources */,
				3EA6A72424BEA7D70005C6A1 /* BookCardDetail.swift in Sources */,
				3EA6A72024BE8B780005C6A1 /* BookCard.swift in Sources */,
				3EA6A71724BE4D0D0005C6A1 /* BookAPIDetailView.swift in Sources */,
				3EA6A71224BE39CC0005C6A1 /* SearchBar.swift in Sources */,
				3EA6A73224BECCDA0005C6A1 /* DetailProgressUpdate.swift in Sources */,
				3EA6A6F924BE17530005C6A1 /* ContentView.swift in Sources */,
				3EA6A6F424BE17530005C6A1 /* SceneDelegate.swift in Sources */,
				3EA6A72D24BEB3F10005C6A1 /* AddProgressUpdate.swift in Sources */,
			);
			runOnlyForDeploymentPostprocessing = 0;
		};
/* End PBXSourcesBuildPhase section */

/* Begin PBXVariantGroup section */
		3EA6A6FF24BE17530005C6A1 /* LaunchScreen.storyboard */ = {
			isa = PBXVariantGroup;
			children = (
				3EA6A70024BE17530005C6A1 /* Base */,
			);
			name = LaunchScreen.storyboard;
			sourceTree = "<group>";
		};
/* End PBXVariantGroup section */

/* Begin XCBuildConfiguration section */
		3EA6A70324BE17530005C6A1 /* Debug */ = {
			isa = XCBuildConfiguration;
			buildSettings = {
				ALWAYS_SEARCH_USER_PATHS = NO;
				CLANG_ANALYZER_NONNULL = YES;
				CLANG_ANALYZER_NUMBER_OBJECT_CONVERSION = YES_AGGRESSIVE;
				CLANG_CXX_LANGUAGE_STANDARD = "gnu++14";
				CLANG_CXX_LIBRARY = "libc++";
				CLANG_ENABLE_MODULES = YES;
				CLANG_ENABLE_OBJC_ARC = YES;
				CLANG_ENABLE_OBJC_WEAK = YES;
				CLANG_WARN_BLOCK_CAPTURE_AUTORELEASING = YES;
				CLANG_WARN_BOOL_CONVERSION = YES;
				CLANG_WARN_COMMA = YES;
				CLANG_WARN_CONSTANT_CONVERSION = YES;
				CLANG_WARN_DEPRECATED_OBJC_IMPLEMENTATIONS = YES;
				CLANG_WARN_DIRECT_OBJC_ISA_USAGE = YES_ERROR;
				CLANG_WARN_DOCUMENTATION_COMMENTS = YES;
				CLANG_WARN_EMPTY_BODY = YES;
				CLANG_WARN_ENUM_CONVERSION = YES;
				CLANG_WARN_INFINITE_RECURSION = YES;
				CLANG_WARN_INT_CONVERSION = YES;
				CLANG_WARN_NON_LITERAL_NULL_CONVERSION = YES;
				CLANG_WARN_OBJC_IMPLICIT_RETAIN_SELF = YES;
				CLANG_WARN_OBJC_LITERAL_CONVERSION = YES;
				CLANG_WARN_OBJC_ROOT_CLASS = YES_ERROR;
				CLANG_WARN_QUOTED_INCLUDE_IN_FRAMEWORK_HEADER = YES;
				CLANG_WARN_RANGE_LOOP_ANALYSIS = YES;
				CLANG_WARN_STRICT_PROTOTYPES = YES;
				CLANG_WARN_SUSPICIOUS_MOVE = YES;
				CLANG_WARN_UNGUARDED_AVAILABILITY = YES_AGGRESSIVE;
				CLANG_WARN_UNREACHABLE_CODE = YES;
				CLANG_WARN__DUPLICATE_METHOD_MATCH = YES;
				COPY_PHASE_STRIP = NO;
				DEBUG_INFORMATION_FORMAT = dwarf;
				ENABLE_STRICT_OBJC_MSGSEND = YES;
				ENABLE_TESTABILITY = YES;
				GCC_C_LANGUAGE_STANDARD = gnu11;
				GCC_DYNAMIC_NO_PIC = NO;
				GCC_NO_COMMON_BLOCKS = YES;
				GCC_OPTIMIZATION_LEVEL = 0;
				GCC_PREPROCESSOR_DEFINITIONS = (
					"DEBUG=1",
					"$(inherited)",
				);
				GCC_WARN_64_TO_32_BIT_CONVERSION = YES;
				GCC_WARN_ABOUT_RETURN_TYPE = YES_ERROR;
				GCC_WARN_UNDECLARED_SELECTOR = YES;
				GCC_WARN_UNINITIALIZED_AUTOS = YES_AGGRESSIVE;
				GCC_WARN_UNUSED_FUNCTION = YES;
				GCC_WARN_UNUSED_VARIABLE = YES;
				IPHONEOS_DEPLOYMENT_TARGET = 14.0;
				MTL_ENABLE_DEBUG_INFO = INCLUDE_SOURCE;
				MTL_FAST_MATH = YES;
				ONLY_ACTIVE_ARCH = YES;
				SDKROOT = iphoneos;
				SWIFT_ACTIVE_COMPILATION_CONDITIONS = DEBUG;
				SWIFT_OPTIMIZATION_LEVEL = "-Onone";
			};
			name = Debug;
		};
		3EA6A70424BE17530005C6A1 /* Release */ = {
			isa = XCBuildConfiguration;
			buildSettings = {
				ALWAYS_SEARCH_USER_PATHS = NO;
				CLANG_ANALYZER_NONNULL = YES;
				CLANG_ANALYZER_NUMBER_OBJECT_CONVERSION = YES_AGGRESSIVE;
				CLANG_CXX_LANGUAGE_STANDARD = "gnu++14";
				CLANG_CXX_LIBRARY = "libc++";
				CLANG_ENABLE_MODULES = YES;
				CLANG_ENABLE_OBJC_ARC = YES;
				CLANG_ENABLE_OBJC_WEAK = YES;
				CLANG_WARN_BLOCK_CAPTURE_AUTORELEASING = YES;
				CLANG_WARN_BOOL_CONVERSION = YES;
				CLANG_WARN_COMMA = YES;
				CLANG_WARN_CONSTANT_CONVERSION = YES;
				CLANG_WARN_DEPRECATED_OBJC_IMPLEMENTATIONS = YES;
				CLANG_WARN_DIRECT_OBJC_ISA_USAGE = YES_ERROR;
				CLANG_WARN_DOCUMENTATION_COMMENTS = YES;
				CLANG_WARN_EMPTY_BODY = YES;
				CLANG_WARN_ENUM_CONVERSION = YES;
				CLANG_WARN_INFINITE_RECURSION = YES;
				CLANG_WARN_INT_CONVERSION = YES;
				CLANG_WARN_NON_LITERAL_NULL_CONVERSION = YES;
				CLANG_WARN_OBJC_IMPLICIT_RETAIN_SELF = YES;
				CLANG_WARN_OBJC_LITERAL_CONVERSION = YES;
				CLANG_WARN_OBJC_ROOT_CLASS = YES_ERROR;
				CLANG_WARN_QUOTED_INCLUDE_IN_FRAMEWORK_HEADER = YES;
				CLANG_WARN_RANGE_LOOP_ANALYSIS = YES;
				CLANG_WARN_STRICT_PROTOTYPES = YES;
				CLANG_WARN_SUSPICIOUS_MOVE = YES;
				CLANG_WARN_UNGUARDED_AVAILABILITY = YES_AGGRESSIVE;
				CLANG_WARN_UNREACHABLE_CODE = YES;
				CLANG_WARN__DUPLICATE_METHOD_MATCH = YES;
				COPY_PHASE_STRIP = NO;
				DEBUG_INFORMATION_FORMAT = "dwarf-with-dsym";
				ENABLE_NS_ASSERTIONS = NO;
				ENABLE_STRICT_OBJC_MSGSEND = YES;
				GCC_C_LANGUAGE_STANDARD = gnu11;
				GCC_NO_COMMON_BLOCKS = YES;
				GCC_WARN_64_TO_32_BIT_CONVERSION = YES;
				GCC_WARN_ABOUT_RETURN_TYPE = YES_ERROR;
				GCC_WARN_UNDECLARED_SELECTOR = YES;
				GCC_WARN_UNINITIALIZED_AUTOS = YES_AGGRESSIVE;
				GCC_WARN_UNUSED_FUNCTION = YES;
				GCC_WARN_UNUSED_VARIABLE = YES;
				IPHONEOS_DEPLOYMENT_TARGET = 14.0;
				MTL_ENABLE_DEBUG_INFO = NO;
				MTL_FAST_MATH = YES;
				SDKROOT = iphoneos;
				SWIFT_COMPILATION_MODE = wholemodule;
				SWIFT_OPTIMIZATION_LEVEL = "-O";
				VALIDATE_PRODUCT = YES;
			};
			name = Release;
		};
		3EA6A70624BE17530005C6A1 /* Debug */ = {
			isa = XCBuildConfiguration;
			buildSettings = {
				ASSETCATALOG_COMPILER_APPICON_NAME = AppIcon;
				ASSETCATALOG_COMPILER_GLOBAL_ACCENT_COLOR_NAME = AccentColor;
				CODE_SIGN_STYLE = Automatic;
				DEVELOPMENT_ASSET_PATHS = "\"Book Lover/Preview Content\"";
				DEVELOPMENT_TEAM = B6LXP9JCNK;
				ENABLE_PREVIEWS = YES;
				INFOPLIST_FILE = "Book Lover/Info.plist";
				IPHONEOS_DEPLOYMENT_TARGET = 13.0;
				LD_RUNPATH_SEARCH_PATHS = (
					"$(inherited)",
					"@executable_path/Frameworks",
				);
				PRODUCT_BUNDLE_IDENTIFIER = "com.HuyOng.Book-Lover";
				PRODUCT_NAME = "$(TARGET_NAME)";
				SWIFT_VERSION = 5.0;
				TARGETED_DEVICE_FAMILY = 1;
			};
			name = Debug;
		};
		3EA6A70724BE17530005C6A1 /* Release */ = {
			isa = XCBuildConfiguration;
			buildSettings = {
				ASSETCATALOG_COMPILER_APPICON_NAME = AppIcon;
				ASSETCATALOG_COMPILER_GLOBAL_ACCENT_COLOR_NAME = AccentColor;
				CODE_SIGN_STYLE = Automatic;
				DEVELOPMENT_ASSET_PATHS = "\"Book Lover/Preview Content\"";
				DEVELOPMENT_TEAM = B6LXP9JCNK;
				ENABLE_PREVIEWS = YES;
				INFOPLIST_FILE = "Book Lover/Info.plist";
				IPHONEOS_DEPLOYMENT_TARGET = 13.0;
				LD_RUNPATH_SEARCH_PATHS = (
					"$(inherited)",
					"@executable_path/Frameworks",
				);
				PRODUCT_BUNDLE_IDENTIFIER = "com.HuyOng.Book-Lover";
				PRODUCT_NAME = "$(TARGET_NAME)";
				SWIFT_VERSION = 5.0;
				TARGETED_DEVICE_FAMILY = 1;
			};
			name = Release;
		};
/* End XCBuildConfiguration section */

/* Begin XCConfigurationList section */
		3EA6A6E924BE17530005C6A1 /* Build configuration list for PBXProject "Book Lover" */ = {
			isa = XCConfigurationList;
			buildConfigurations = (
				3EA6A70324BE17530005C6A1 /* Debug */,
				3EA6A70424BE17530005C6A1 /* Release */,
			);
			defaultConfigurationIsVisible = 0;
			defaultConfigurationName = Release;
		};
		3EA6A70524BE17530005C6A1 /* Build configuration list for PBXNativeTarget "Book Lover" */ = {
			isa = XCConfigurationList;
			buildConfigurations = (
				3EA6A70624BE17530005C6A1 /* Debug */,
				3EA6A70724BE17530005C6A1 /* Release */,
			);
			defaultConfigurationIsVisible = 0;
			defaultConfigurationName = Release;
		};
/* End XCConfigurationList section */

/* Begin XCRemoteSwiftPackageReference section */
		3EA6A71324BE3A810005C6A1 /* XCRemoteSwiftPackageReference "SDWebImageSwiftUI" */ = {
			isa = XCRemoteSwiftPackageReference;
			repositoryURL = "https://github.com/SDWebImage/SDWebImageSwiftUI.git";
			requirement = {
				kind = upToNextMajorVersion;
				minimumVersion = 1.5.0;
			};
		};
/* End XCRemoteSwiftPackageReference section */

/* Begin XCSwiftPackageProductDependency section */
		3EA6A71424BE3A810005C6A1 /* SDWebImageSwiftUI */ = {
			isa = XCSwiftPackageProductDependency;
			package = 3EA6A71324BE3A810005C6A1 /* XCRemoteSwiftPackageReference "SDWebImageSwiftUI" */;
			productName = SDWebImageSwiftUI;
		};
/* End XCSwiftPackageProductDependency section */

/* Begin XCVersionGroup section */
		3EA6A6F524BE17530005C6A1 /* Book_Lover.xcdatamodeld */ = {
			isa = XCVersionGroup;
			children = (
				3EA6A6F624BE17530005C6A1 /* Book_Lover.xcdatamodel */,
			);
			currentVersion = 3EA6A6F624BE17530005C6A1 /* Book_Lover.xcdatamodel */;
			path = Book_Lover.xcdatamodeld;
			sourceTree = "<group>";
			versionGroupType = wrapper.xcdatamodel;
		};
/* End XCVersionGroup section */
	};
	rootObject = 3EA6A6E624BE17530005C6A1 /* Project object */;
}
